
Microsoft Visual Studio Solution File, Format Version 12.00
# Visual Studio Version 17
Project("{2150E333-8FDC-42A3-9474-1A3956D46DE8}") = "CMakePredefinedTargets", "CMakePredefinedTargets", "{DB6CB61C-000A-3F99-AEBB-35FE8B03F51C}"
EndProject
Project("{2150E333-8FDC-42A3-9474-1A3956D46DE8}") = "GLFW3", "GLFW3", "{36463814-1462-3DFF-AF5A-79E369103668}"
EndProject
Project("{8BC9CEB8-8B4A-11D0-8D11-00A0C91BC942}") = "ALL_BUILD", "ALL_BUILD.vcxproj", "{419AB4D5-9C6A-346C-B437-08F1AD9DBFEE}"
	ProjectSection(ProjectDependencies) = postProject
		{BD0C7F79-3C45-34D0-9F78-5D60DC4626C2} = {BD0C7F79-3C45-34D0-9F78-5D60DC4626C2}
		{7B3BC4DA-FCA4-3E9C-A1AA-569CF135E39B} = {7B3BC4DA-FCA4-3E9C-A1AA-569CF135E39B}
		{F39BE599-53BA-3908-99BD-9BD2F25CF7AE} = {F39BE599-53BA-3908-99BD-9BD2F25CF7AE}
		{1A2FFC63-B8E8-3F98-8A4E-7AEC0F43B9B7} = {1A2FFC63-B8E8-3F98-8A4E-7AEC0F43B9B7}
	EndProjectSection
EndProject
Project("{8BC9CEB8-8B4A-11D0-8D11-00A0C91BC942}") = "INSTALL", "INSTALL.vcxproj", "{60547D7E-9C17-3464-AE99-18AB071C4870}"
	ProjectSection(ProjectDependencies) = postProject
		{419AB4D5-9C6A-346C-B437-08F1AD9DBFEE} = {419AB4D5-9C6A-346C-B437-08F1AD9DBFEE}
		{7B3BC4DA-FCA4-3E9C-A1AA-569CF135E39B} = {7B3BC4DA-FCA4-3E9C-A1AA-569CF135E39B}
	EndProjectSection
EndProject
Project("{8BC9CEB8-8B4A-11D0-8D11-00A0C91BC942}") = "Mario", "Mario.vcxproj", "{BD0C7F79-3C45-34D0-9F78-5D60DC4626C2}"
	ProjectSection(ProjectDependencies) = postProject
		{7B3BC4DA-FCA4-3E9C-A1AA-569CF135E39B} = {7B3BC4DA-FCA4-3E9C-A1AA-569CF135E39B}
		{F39BE599-53BA-3908-99BD-9BD2F25CF7AE} = {F39BE599-53BA-3908-99BD-9BD2F25CF7AE}
		{1A2FFC63-B8E8-3F98-8A4E-7AEC0F43B9B7} = {1A2FFC63-B8E8-3F98-8A4E-7AEC0F43B9B7}
	EndProjectSection
EndProject
Project("{8BC9CEB8-8B4A-11D0-8D11-00A0C91BC942}") = "PACKAGE", "PACKAGE.vcxproj", "{903CD1B8-2692-31A5-8BED-B8E82546FFEB}"
	ProjectSection(ProjectDependencies) = postProject
		{419AB4D5-9C6A-346C-B437-08F1AD9DBFEE} = {419AB4D5-9C6A-346C-B437-08F1AD9DBFEE}
		{7B3BC4DA-FCA4-3E9C-A1AA-569CF135E39B} = {7B3BC4DA-FCA4-3E9C-A1AA-569CF135E39B}
	EndProjectSection
EndProject
Project("{8BC9CEB8-8B4A-11D0-8D11-00A0C91BC942}") = "ZERO_CHECK", "ZERO_CHECK.vcxproj", "{7B3BC4DA-FCA4-3E9C-A1AA-569CF135E39B}"
	ProjectSection(ProjectDependencies) = postProject
	EndProjectSection
EndProject
Project("{8BC9CEB8-8B4A-11D0-8D11-00A0C91BC942}") = "glfw", "lib\raylib\build\raylib\external\glfw\src\glfw.vcxproj", "{F39BE599-53BA-3908-99BD-9BD2F25CF7AE}"
	ProjectSection(ProjectDependencies) = postProject
		{7B3BC4DA-FCA4-3E9C-A1AA-569CF135E39B} = {7B3BC4DA-FCA4-3E9C-A1AA-569CF135E39B}
	EndProjectSection
EndProject
Project("{8BC9CEB8-8B4A-11D0-8D11-00A0C91BC942}") = "raylib", "lib\raylib\build\raylib\raylib.vcxproj", "{1A2FFC63-B8E8-3F98-8A4E-7AEC0F43B9B7}"
	ProjectSection(ProjectDependencies) = postProject
		{7B3BC4DA-FCA4-3E9C-A1AA-569CF135E39B} = {7B3BC4DA-FCA4-3E9C-A1AA-569CF135E39B}
		{F39BE599-53BA-3908-99BD-9BD2F25CF7AE} = {F39BE599-53BA-3908-99BD-9BD2F25CF7AE}
	EndProjectSection
EndProject
Project("{8BC9CEB8-8B4A-11D0-8D11-00A0C91BC942}") = "update_mappings", "lib\raylib\build\raylib\external\glfw\src\update_mappings.vcxproj", "{BFDDFB81-89CD-3808-85EE-176C5ECB418B}"
	ProjectSection(ProjectDependencies) = postProject
		{7B3BC4DA-FCA4-3E9C-A1AA-569CF135E39B} = {7B3BC4DA-FCA4-3E9C-A1AA-569CF135E39B}
	EndProjectSection
EndProject
Global
	GlobalSection(SolutionConfigurationPlatforms) = preSolution
		Debug|x64 = Debug|x64
		Release|x64 = Release|x64
		MinSizeRel|x64 = MinSizeRel|x64
		RelWithDebInfo|x64 = RelWithDebInfo|x64
	EndGlobalSection
	GlobalSection(ProjectConfigurationPlatforms) = postSolution
		{419AB4D5-9C6A-346C-B437-08F1AD9DBFEE}.Debug|x64.ActiveCfg = Debug|x64
		{419AB4D5-9C6A-346C-B437-08F1AD9DBFEE}.Debug|x64.Build.0 = Debug|x64
		{419AB4D5-9C6A-346C-B437-08F1AD9DBFEE}.Release|x64.ActiveCfg = Release|x64
		{419AB4D5-9C6A-346C-B437-08F1AD9DBFEE}.Release|x64.Build.0 = Release|x64
		{419AB4D5-9C6A-346C-B437-08F1AD9DBFEE}.MinSizeRel|x64.ActiveCfg = MinSizeRel|x64
		{419AB4D5-9C6A-346C-B437-08F1AD9DBFEE}.MinSizeRel|x64.Build.0 = MinSizeRel|x64
		{419AB4D5-9C6A-346C-B437-08F1AD9DBFEE}.RelWithDebInfo|x64.ActiveCfg = RelWithDebInfo|x64
		{419AB4D5-9C6A-346C-B437-08F1AD9DBFEE}.RelWithDebInfo|x64.Build.0 = RelWithDebInfo|x64
		{60547D7E-9C17-3464-AE99-18AB071C4870}.Debug|x64.ActiveCfg = Debug|x64
		{60547D7E-9C17-3464-AE99-18AB071C4870}.Release|x64.ActiveCfg = Release|x64
		{60547D7E-9C17-3464-AE99-18AB071C4870}.MinSizeRel|x64.ActiveCfg = MinSizeRel|x64
		{60547D7E-9C17-3464-AE99-18AB071C4870}.RelWithDebInfo|x64.ActiveCfg = RelWithDebInfo|x64
		{BD0C7F79-3C45-34D0-9F78-5D60DC4626C2}.Debug|x64.ActiveCfg = Debug|x64
		{BD0C7F79-3C45-34D0-9F78-5D60DC4626C2}.Debug|x64.Build.0 = Debug|x64
		{BD0C7F79-3C45-34D0-9F78-5D60DC4626C2}.Release|x64.ActiveCfg = Release|x64
		{BD0C7F79-3C45-34D0-9F78-5D60DC4626C2}.Release|x64.Build.0 = Release|x64
		{BD0C7F79-3C45-34D0-9F78-5D60DC4626C2}.MinSizeRel|x64.ActiveCfg = MinSizeRel|x64
		{BD0C7F79-3C45-34D0-9F78-5D60DC4626C2}.MinSizeRel|x64.Build.0 = MinSizeRel|x64
		{BD0C7F79-3C45-34D0-9F78-5D60DC4626C2}.RelWithDebInfo|x64.ActiveCfg = RelWithDebInfo|x64
		{BD0C7F79-3C45-34D0-9F78-5D60DC4626C2}.RelWithDebInfo|x64.Build.0 = RelWithDebInfo|x64
		{903CD1B8-2692-31A5-8BED-B8E82546FFEB}.Debug|x64.ActiveCfg = Debug|x64
		{903CD1B8-2692-31A5-8BED-B8E82546FFEB}.Release|x64.ActiveCfg = Release|x64
		{903CD1B8-2692-31A5-8BED-B8E82546FFEB}.MinSizeRel|x64.ActiveCfg = MinSizeRel|x64
		{903CD1B8-2692-31A5-8BED-B8E82546FFEB}.RelWithDebInfo|x64.ActiveCfg = RelWithDebInfo|x64
		{7B3BC4DA-FCA4-3E9C-A1AA-569CF135E39B}.Debug|x64.ActiveCfg = Debug|x64
		{7B3BC4DA-FCA4-3E9C-A1AA-569CF135E39B}.Debug|x64.Build.0 = Debug|x64
		{7B3BC4DA-FCA4-3E9C-A1AA-569CF135E39B}.Release|x64.ActiveCfg = Release|x64
		{7B3BC4DA-FCA4-3E9C-A1AA-569CF135E39B}.Release|x64.Build.0 = Release|x64
		{7B3BC4DA-FCA4-3E9C-A1AA-569CF135E39B}.MinSizeRel|x64.ActiveCfg = MinSizeRel|x64
		{7B3BC4DA-FCA4-3E9C-A1AA-569CF135E39B}.MinSizeRel|x64.Build.0 = MinSizeRel|x64
		{7B3BC4DA-FCA4-3E9C-A1AA-569CF135E39B}.RelWithDebInfo|x64.ActiveCfg = RelWithDebInfo|x64
		{7B3BC4DA-FCA4-3E9C-A1AA-569CF135E39B}.RelWithDebInfo|x64.Build.0 = RelWithDebInfo|x64
		{F39BE599-53BA-3908-99BD-9BD2F25CF7AE}.Debug|x64.ActiveCfg = Debug|x64
		{F39BE599-53BA-3908-99BD-9BD2F25CF7AE}.Debug|x64.Build.0 = Debug|x64
		{F39BE599-53BA-3908-99BD-9BD2F25CF7AE}.Release|x64.ActiveCfg = Release|x64
		{F39BE599-53BA-3908-99BD-9BD2F25CF7AE}.Release|x64.Build.0 = Release|x64
		{F39BE599-53BA-3908-99BD-9BD2F25CF7AE}.MinSizeRel|x64.ActiveCfg = MinSizeRel|x64
		{F39BE599-53BA-3908-99BD-9BD2F25CF7AE}.MinSizeRel|x64.Build.0 = MinSizeRel|x64
		{F39BE599-53BA-3908-99BD-9BD2F25CF7AE}.RelWithDebInfo|x64.ActiveCfg = RelWithDebInfo|x64
		{F39BE599-53BA-3908-99BD-9BD2F25CF7AE}.RelWithDebInfo|x64.Build.0 = RelWithDebInfo|x64
		{1A2FFC63-B8E8-3F98-8A4E-7AEC0F43B9B7}.Debug|x64.ActiveCfg = Debug|x64
		{1A2FFC63-B8E8-3F98-8A4E-7AEC0F43B9B7}.Debug|x64.Build.0 = Debug|x64
		{1A2FFC63-B8E8-3F98-8A4E-7AEC0F43B9B7}.Release|x64.ActiveCfg = Release|x64
		{1A2FFC63-B8E8-3F98-8A4E-7AEC0F43B9B7}.Release|x64.Build.0 = Release|x64
		{1A2FFC63-B8E8-3F98-8A4E-7AEC0F43B9B7}.MinSizeRel|x64.ActiveCfg = MinSizeRel|x64
		{1A2FFC63-B8E8-3F98-8A4E-7AEC0F43B9B7}.MinSizeRel|x64.Build.0 = MinSizeRel|x64
		{1A2FFC63-B8E8-3F98-8A4E-7AEC0F43B9B7}.RelWithDebInfo|x64.ActiveCfg = RelWithDebInfo|x64
		{1A2FFC63-B8E8-3F98-8A4E-7AEC0F43B9B7}.RelWithDebInfo|x64.Build.0 = RelWithDebInfo|x64
		{BFDDFB81-89CD-3808-85EE-176C5ECB418B}.Debug|x64.ActiveCfg = Debug|x64
		{BFDDFB81-89CD-3808-85EE-176C5ECB418B}.Release|x64.ActiveCfg = Release|x64
		{BFDDFB81-89CD-3808-85EE-176C5ECB418B}.MinSizeRel|x64.ActiveCfg = MinSizeRel|x64
		{BFDDFB81-89CD-3808-85EE-176C5ECB418B}.RelWithDebInfo|x64.ActiveCfg = RelWithDebInfo|x64
	EndGlobalSection
	GlobalSection(NestedProjects) = preSolution
		{419AB4D5-9C6A-346C-B437-08F1AD9DBFEE} = {DB6CB61C-000A-3F99-AEBB-35FE8B03F51C}
		{60547D7E-9C17-3464-AE99-18AB071C4870} = {DB6CB61C-000A-3F99-AEBB-35FE8B03F51C}
		{903CD1B8-2692-31A5-8BED-B8E82546FFEB} = {DB6CB61C-000A-3F99-AEBB-35FE8B03F51C}
		{7B3BC4DA-FCA4-3E9C-A1AA-569CF135E39B} = {DB6CB61C-000A-3F99-AEBB-35FE8B03F51C}
		{F39BE599-53BA-3908-99BD-9BD2F25CF7AE} = {36463814-1462-3DFF-AF5A-79E369103668}
		{BFDDFB81-89CD-3808-85EE-176C5ECB418B} = {36463814-1462-3DFF-AF5A-79E369103668}
	EndGlobalSection
	GlobalSection(ExtensibilityGlobals) = postSolution
		SolutionGuid = {7C9E61E7-2F7B-3F02-B9AB-1B3E01DB1FDC}
	EndGlobalSection
	GlobalSection(ExtensibilityAddIns) = postSolution
	EndGlobalSection
EndGlobal
